# This file is autogenerated, do not edit; changes may be undone by the next 'dep ensure'.


[[projects]]
  name = "github.com/denisbrodbeck/machineid"
  packages = ["."]
  revision = "2777226d0340d8da18b49993ce2b4aeb9c1c6929"
  version = "v0.8.0"

[[projects]]
  branch = "master"
  name = "github.com/golang/glog"
  packages = ["."]
  revision = "23def4e6c14b4da8ac2ed8007337bc5eb5007998"

[[projects]]
  branch = "master"
  name = "github.com/kidoman/embd"
  packages = [
    ".",
    "host/all",
    "host/bbb",
    "host/generic",
    "host/rpi",
    "util"
  ]
  revision = "d3d8c0c5c68dc6caccebb7d720f36e64bafd0a62"

[[projects]]
  branch = "master"
  name = "golang.org/x/image"
  packages = ["bmp"]
  revision = "f315e440302883054d0c2bd85486878cb4f8572c"

[[projects]]
  branch = "master"
  name = "golang.org/x/sys"
  packages = [
    "windows",
    "windows/registry"
  ]
  revision = "7db1c3b1a98089d0071c84f646ff5c96aad43682"

[solve-meta]
  analyzer-name = "dep"
  analyzer-version = 1
  inputs-digest = "87a97e8ac80a63d0592b7ed9e6ef0ed68f559a3f9a67f243ce1c8e8b02d6f9fc"
  solver-name = "gps-cdcl"
  solver-version = 1
